
Microsoft Visual Studio Solution File, Format Version 12.00
# Visual Studio Version 17
VisualStudioVersion = 17.1.32319.34
MinimumVisualStudioVersion = 10.0.40219.1
Project("{FAE04EC0-301F-11D3-BF4B-00C04F79EFBC}") = "RealTime", "RealTime\RealTime.csproj", "{F138D969-758E-4C1F-8D79-79DC10848262}"
EndProject
Global
	GlobalSection(SolutionConfigurationPlatforms) = preSolution
		Debug|Any CPU = Debug|Any CPU
		Release|Any CPU = Release|Any CPU
	EndGlobalSection
	GlobalSection(ProjectConfigurationPlatforms) = postSolution
		{F138D969-758E-4C1F-8D79-79DC10848262}.Debug|Any CPU.ActiveCfg = Debug|Any CPU
		{F138D969-758E-4C1F-8D79-79DC10848262}.Debug|Any CPU.Build.0 = Debug|Any CPU
		{F138D969-758E-4C1F-8D79-79DC10848262}.Release|Any CPU.ActiveCfg = Release|Any CPU
		{F138D969-758E-4C1F-8D79-79DC10848262}.Release|Any CPU.Build.0 = Release|Any CPU
	EndGlobalSection
	GlobalSection(SolutionProperties) = preSolution
		HideSolutionNode = FALSE
	EndGlobalSection
	GlobalSection(ExtensibilityGlobals) = postSolution
		SolutionGuid = {BF63460D-FDCC-41B6-905A-C78DB117867E}
	EndGlobalSection
EndGlobal
